
Microsoft Visual Studio Solution File, Format Version 12.00
# Visual Studio Version 16
VisualStudioVersion = 16.0.31424.327
MinimumVisualStudioVersion = 10.0.40219.1
Project("{FAE04EC0-301F-11D3-BF4B-00C04F79EFBC}") = "Task1", "Task1\Task1.csproj", "{D033CE44-62AF-4FE5-82F6-068464CB5A99}"
EndProject
Project("{FAE04EC0-301F-11D3-BF4B-00C04F79EFBC}") = "Task2", "Task2\Task2.csproj", "{48427E31-BA60-4D30-B2CF-3115F17D08D8}"
EndProject
Project("{FAE04EC0-301F-11D3-BF4B-00C04F79EFBC}") = "Task3", "Task3\Task3.csproj", "{7490F92E-F448-4B9D-A4D7-A6FC861D91B0}"
EndProject
Project("{FAE04EC0-301F-11D3-BF4B-00C04F79EFBC}") = "Task4", "Task4\Task4.csproj", "{F021C55A-644A-4F11-99BB-DBB4395AEBDC}"
EndProject
Global
	GlobalSection(SolutionConfigurationPlatforms) = preSolution
		Debug|Any CPU = Debug|Any CPU
		Release|Any CPU = Release|Any CPU
	EndGlobalSection
	GlobalSection(ProjectConfigurationPlatforms) = postSolution
		{D033CE44-62AF-4FE5-82F6-068464CB5A99}.Debug|Any CPU.ActiveCfg = Debug|Any CPU
		{D033CE44-62AF-4FE5-82F6-068464CB5A99}.Debug|Any CPU.Build.0 = Debug|Any CPU
		{D033CE44-62AF-4FE5-82F6-068464CB5A99}.Release|Any CPU.ActiveCfg = Release|Any CPU
		{D033CE44-62AF-4FE5-82F6-068464CB5A99}.Release|Any CPU.Build.0 = Release|Any CPU
		{48427E31-BA60-4D30-B2CF-3115F17D08D8}.Debug|Any CPU.ActiveCfg = Debug|Any CPU
		{48427E31-BA60-4D30-B2CF-3115F17D08D8}.Debug|Any CPU.Build.0 = Debug|Any CPU
		{48427E31-BA60-4D30-B2CF-3115F17D08D8}.Release|Any CPU.ActiveCfg = Release|Any CPU
		{48427E31-BA60-4D30-B2CF-3115F17D08D8}.Release|Any CPU.Build.0 = Release|Any CPU
		{7490F92E-F448-4B9D-A4D7-A6FC861D91B0}.Debug|Any CPU.ActiveCfg = Debug|Any CPU
		{7490F92E-F448-4B9D-A4D7-A6FC861D91B0}.Debug|Any CPU.Build.0 = Debug|Any CPU
		{7490F92E-F448-4B9D-A4D7-A6FC861D91B0}.Release|Any CPU.ActiveCfg = Release|Any CPU
		{7490F92E-F448-4B9D-A4D7-A6FC861D91B0}.Release|Any CPU.Build.0 = Release|Any CPU
		{F021C55A-644A-4F11-99BB-DBB4395AEBDC}.Debug|Any CPU.ActiveCfg = Debug|Any CPU
		{F021C55A-644A-4F11-99BB-DBB4395AEBDC}.Debug|Any CPU.Build.0 = Debug|Any CPU
		{F021C55A-644A-4F11-99BB-DBB4395AEBDC}.Release|Any CPU.ActiveCfg = Release|Any CPU
		{F021C55A-644A-4F11-99BB-DBB4395AEBDC}.Release|Any CPU.Build.0 = Release|Any CPU
	EndGlobalSection
	GlobalSection(SolutionProperties) = preSolution
		HideSolutionNode = FALSE
	EndGlobalSection
	GlobalSection(ExtensibilityGlobals) = postSolution
		SolutionGuid = {8D0B36FE-C215-472B-9D3D-82DFC9F7FBD2}
	EndGlobalSection
EndGlobal
