
Microsoft Visual Studio Solution File, Format Version 12.00
# Visual Studio Version 16
VisualStudioVersion = 16.0.31424.327
MinimumVisualStudioVersion = 10.0.40219.1
Project("{FAE04EC0-301F-11D3-BF4B-00C04F79EFBC}") = "Task1", "Task1\Task1.csproj", "{D033CE44-62AF-4FE5-82F6-068464CB5A99}"
EndProject
Global
	GlobalSection(SolutionConfigurationPlatforms) = preSolution
		Debug|Any CPU = Debug|Any CPU
		Release|Any CPU = Release|Any CPU
	EndGlobalSection
	GlobalSection(ProjectConfigurationPlatforms) = postSolution
		{D033CE44-62AF-4FE5-82F6-068464CB5A99}.Debug|Any CPU.ActiveCfg = Debug|Any CPU
		{D033CE44-62AF-4FE5-82F6-068464CB5A99}.Debug|Any CPU.Build.0 = Debug|Any CPU
		{D033CE44-62AF-4FE5-82F6-068464CB5A99}.Release|Any CPU.ActiveCfg = Release|Any CPU
		{D033CE44-62AF-4FE5-82F6-068464CB5A99}.Release|Any CPU.Build.0 = Release|Any CPU
	EndGlobalSection
	GlobalSection(SolutionProperties) = preSolution
		HideSolutionNode = FALSE
	EndGlobalSection
	GlobalSection(ExtensibilityGlobals) = postSolution
		SolutionGuid = {8D0B36FE-C215-472B-9D3D-82DFC9F7FBD2}
	EndGlobalSection
EndGlobal
