
Microsoft Visual Studio Solution File, Format Version 12.00
# Visual Studio Version 16
VisualStudioVersion = 16.0.31424.327
MinimumVisualStudioVersion = 10.0.40219.1
Project("{FAE04EC0-301F-11D3-BF4B-00C04F79EFBC}") = "Task1", "Task1\Task1.csproj", "{2415EF11-2E48-4A88-9F79-E7FFFAC7CC29}"
EndProject
Project("{FAE04EC0-301F-11D3-BF4B-00C04F79EFBC}") = "Task2", "Task2\Task2.csproj", "{0BAF400D-9CB1-4D6E-9F42-881EDFD82E0D}"
EndProject
Project("{FAE04EC0-301F-11D3-BF4B-00C04F79EFBC}") = "Task3", "Task3\Task3.csproj", "{57F035F3-5DFC-4FEF-89B7-1AFC233917C0}"
EndProject
Global
	GlobalSection(SolutionConfigurationPlatforms) = preSolution
		Debug|Any CPU = Debug|Any CPU
		Release|Any CPU = Release|Any CPU
	EndGlobalSection
	GlobalSection(ProjectConfigurationPlatforms) = postSolution
		{2415EF11-2E48-4A88-9F79-E7FFFAC7CC29}.Debug|Any CPU.ActiveCfg = Debug|Any CPU
		{2415EF11-2E48-4A88-9F79-E7FFFAC7CC29}.Debug|Any CPU.Build.0 = Debug|Any CPU
		{2415EF11-2E48-4A88-9F79-E7FFFAC7CC29}.Release|Any CPU.ActiveCfg = Release|Any CPU
		{2415EF11-2E48-4A88-9F79-E7FFFAC7CC29}.Release|Any CPU.Build.0 = Release|Any CPU
		{0BAF400D-9CB1-4D6E-9F42-881EDFD82E0D}.Debug|Any CPU.ActiveCfg = Debug|Any CPU
		{0BAF400D-9CB1-4D6E-9F42-881EDFD82E0D}.Debug|Any CPU.Build.0 = Debug|Any CPU
		{0BAF400D-9CB1-4D6E-9F42-881EDFD82E0D}.Release|Any CPU.ActiveCfg = Release|Any CPU
		{0BAF400D-9CB1-4D6E-9F42-881EDFD82E0D}.Release|Any CPU.Build.0 = Release|Any CPU
		{57F035F3-5DFC-4FEF-89B7-1AFC233917C0}.Debug|Any CPU.ActiveCfg = Debug|Any CPU
		{57F035F3-5DFC-4FEF-89B7-1AFC233917C0}.Debug|Any CPU.Build.0 = Debug|Any CPU
		{57F035F3-5DFC-4FEF-89B7-1AFC233917C0}.Release|Any CPU.ActiveCfg = Release|Any CPU
		{57F035F3-5DFC-4FEF-89B7-1AFC233917C0}.Release|Any CPU.Build.0 = Release|Any CPU
	EndGlobalSection
	GlobalSection(SolutionProperties) = preSolution
		HideSolutionNode = FALSE
	EndGlobalSection
	GlobalSection(ExtensibilityGlobals) = postSolution
		SolutionGuid = {979D77CE-72DF-4647-9EA4-7FC90ABB7405}
	EndGlobalSection
EndGlobal
