
Microsoft Visual Studio Solution File, Format Version 12.00
# Visual Studio Version 16
VisualStudioVersion = 16.0.31424.327
MinimumVisualStudioVersion = 10.0.40219.1
Project("{FAE04EC0-301F-11D3-BF4B-00C04F79EFBC}") = "Task1", "Task1\Task1.csproj", "{DAF96BED-E8F5-4FFA-865A-701149FCB54C}"
EndProject
Project("{FAE04EC0-301F-11D3-BF4B-00C04F79EFBC}") = "Task2", "Task2\Task2.csproj", "{BD25F2CF-EF12-4F7E-A4AD-D1EED690BA16}"
EndProject
Project("{FAE04EC0-301F-11D3-BF4B-00C04F79EFBC}") = "TrueFalseEditor", "TrueFalseEditor\TrueFalseEditor.csproj", "{F53E9544-25F7-406F-B180-AEDCD66ED442}"
EndProject
Global
	GlobalSection(SolutionConfigurationPlatforms) = preSolution
		Debug|Any CPU = Debug|Any CPU
		Release|Any CPU = Release|Any CPU
	EndGlobalSection
	GlobalSection(ProjectConfigurationPlatforms) = postSolution
		{DAF96BED-E8F5-4FFA-865A-701149FCB54C}.Debug|Any CPU.ActiveCfg = Debug|Any CPU
		{DAF96BED-E8F5-4FFA-865A-701149FCB54C}.Debug|Any CPU.Build.0 = Debug|Any CPU
		{DAF96BED-E8F5-4FFA-865A-701149FCB54C}.Release|Any CPU.ActiveCfg = Release|Any CPU
		{DAF96BED-E8F5-4FFA-865A-701149FCB54C}.Release|Any CPU.Build.0 = Release|Any CPU
		{BD25F2CF-EF12-4F7E-A4AD-D1EED690BA16}.Debug|Any CPU.ActiveCfg = Debug|Any CPU
		{BD25F2CF-EF12-4F7E-A4AD-D1EED690BA16}.Debug|Any CPU.Build.0 = Debug|Any CPU
		{BD25F2CF-EF12-4F7E-A4AD-D1EED690BA16}.Release|Any CPU.ActiveCfg = Release|Any CPU
		{BD25F2CF-EF12-4F7E-A4AD-D1EED690BA16}.Release|Any CPU.Build.0 = Release|Any CPU
		{F53E9544-25F7-406F-B180-AEDCD66ED442}.Debug|Any CPU.ActiveCfg = Debug|Any CPU
		{F53E9544-25F7-406F-B180-AEDCD66ED442}.Debug|Any CPU.Build.0 = Debug|Any CPU
		{F53E9544-25F7-406F-B180-AEDCD66ED442}.Release|Any CPU.ActiveCfg = Release|Any CPU
		{F53E9544-25F7-406F-B180-AEDCD66ED442}.Release|Any CPU.Build.0 = Release|Any CPU
	EndGlobalSection
	GlobalSection(SolutionProperties) = preSolution
		HideSolutionNode = FALSE
	EndGlobalSection
	GlobalSection(ExtensibilityGlobals) = postSolution
		SolutionGuid = {F7C5A1E6-BE93-4EEB-9A66-D653E1956F28}
	EndGlobalSection
EndGlobal
